// !$*UTF8*$!
{
	archiveVersion = 1;
	classes = {
	};
	objectVersion = 51;
	objects = {

/* Begin PBXBuildFile section */
		0D38BF8EC7347E09807630E9 /* Pods_RxTemp.framework in Frameworks */ = {isa = PBXBuildFile; fileRef = 1A4A2170D0FFF150B6851654 /* Pods_RxTemp.framework */; };
		8CECE37D8E88EEDFA089B585 /* Pods_RxTempTests.framework in Frameworks */ = {isa = PBXBuildFile; fileRef = 27B8A10D7BB7B481E4D18FD3 /* Pods_RxTempTests.framework */; };
		A843DDEB26D3048E000D733A /* PMKBasedAPI.swift in Sources */ = {isa = PBXBuildFile; fileRef = A843DDEA26D3048E000D733A /* PMKBasedAPI.swift */; };
		A843DDEE26D30630000D733A /* UserViewModel.swift in Sources */ = {isa = PBXBuildFile; fileRef = A843DDED26D30630000D733A /* UserViewModel.swift */; };
		A843DDF626D308B4000D733A /* RxTempTests.swift in Sources */ = {isa = PBXBuildFile; fileRef = A843DDF526D308B4000D733A /* RxTempTests.swift */; };
		A843DDFE26D400B9000D733A /* UserViewModelTests.swift in Sources */ = {isa = PBXBuildFile; fileRef = A843DDFD26D400B9000D733A /* UserViewModelTests.swift */; };
		A843DE0026D40F2E000D733A /* ErrorRouter.swift in Sources */ = {isa = PBXBuildFile; fileRef = A843DDFF26D40F2E000D733A /* ErrorRouter.swift */; };
		A89CDDB926D0679000AAE052 /* AppDelegate.swift in Sources */ = {isa = PBXBuildFile; fileRef = A89CDDB826D0679000AAE052 /* AppDelegate.swift */; };
		A89CDDBB26D0679000AAE052 /* SceneDelegate.swift in Sources */ = {isa = PBXBuildFile; fileRef = A89CDDBA26D0679000AAE052 /* SceneDelegate.swift */; };
		A89CDDBD26D0679000AAE052 /* ViewController.swift in Sources */ = {isa = PBXBuildFile; fileRef = A89CDDBC26D0679000AAE052 /* ViewController.swift */; };
		A89CDDC026D0679000AAE052 /* Main.storyboard in Resources */ = {isa = PBXBuildFile; fileRef = A89CDDBE26D0679000AAE052 /* Main.storyboard */; };
		A89CDDC226D0679300AAE052 /* Assets.xcassets in Resources */ = {isa = PBXBuildFile; fileRef = A89CDDC126D0679300AAE052 /* Assets.xcassets */; };
		A89CDDC526D0679300AAE052 /* LaunchScreen.storyboard in Resources */ = {isa = PBXBuildFile; fileRef = A89CDDC326D0679300AAE052 /* LaunchScreen.storyboard */; };
		A89CDDD926D069B100AAE052 /* RxBasedAPI.swift in Sources */ = {isa = PBXBuildFile; fileRef = A89CDDD826D069B100AAE052 /* RxBasedAPI.swift */; };
		A89CDDDC26D069CE00AAE052 /* Models.swift in Sources */ = {isa = PBXBuildFile; fileRef = A89CDDDB26D069CE00AAE052 /* Models.swift */; };
/* End PBXBuildFile section */

/* Begin PBXContainerItemProxy section */
		A843DDF826D308B4000D733A /* PBXContainerItemProxy */ = {
			isa = PBXContainerItemProxy;
			containerPortal = A89CDDAD26D0679000AAE052 /* Project object */;
			proxyType = 1;
			remoteGlobalIDString = A89CDDB426D0679000AAE052;
			remoteInfo = RxTemp;
		};
/* End PBXContainerItemProxy section */

/* Begin PBXFileReference section */
		1A4A2170D0FFF150B6851654 /* Pods_RxTemp.framework */ = {isa = PBXFileReference; explicitFileType = wrapper.framework; includeInIndex = 0; path = Pods_RxTemp.framework; sourceTree = BUILT_PRODUCTS_DIR; };
		27B8A10D7BB7B481E4D18FD3 /* Pods_RxTempTests.framework */ = {isa = PBXFileReference; explicitFileType = wrapper.framework; includeInIndex = 0; path = Pods_RxTempTests.framework; sourceTree = BUILT_PRODUCTS_DIR; };
		82DCBCB2FC7227B70B6C6E3A /* Pods-RxTemp.debug.xcconfig */ = {isa = PBXFileReference; includeInIndex = 1; lastKnownFileType = text.xcconfig; name = "Pods-RxTemp.debug.xcconfig"; path = "Target Support Files/Pods-RxTemp/Pods-RxTemp.debug.xcconfig"; sourceTree = "<group>"; };
		A843DDEA26D3048E000D733A /* PMKBasedAPI.swift */ = {isa = PBXFileReference; lastKnownFileType = sourcecode.swift; path = PMKBasedAPI.swift; sourceTree = "<group>"; };
		A843DDED26D30630000D733A /* UserViewModel.swift */ = {isa = PBXFileReference; lastKnownFileType = sourcecode.swift; path = UserViewModel.swift; sourceTree = "<group>"; };
		A843DDF326D308B4000D733A /* RxTempTests.xctest */ = {isa = PBXFileReference; explicitFileType = wrapper.cfbundle; includeInIndex = 0; path = RxTempTests.xctest; sourceTree = BUILT_PRODUCTS_DIR; };
		A843DDF526D308B4000D733A /* RxTempTests.swift */ = {isa = PBXFileReference; lastKnownFileType = sourcecode.swift; path = RxTempTests.swift; sourceTree = "<group>"; };
		A843DDF726D308B4000D733A /* Info.plist */ = {isa = PBXFileReference; lastKnownFileType = text.plist.xml; path = Info.plist; sourceTree = "<group>"; };
		A843DDFD26D400B9000D733A /* UserViewModelTests.swift */ = {isa = PBXFileReference; lastKnownFileType = sourcecode.swift; path = UserViewModelTests.swift; sourceTree = "<group>"; };
		A843DDFF26D40F2E000D733A /* ErrorRouter.swift */ = {isa = PBXFileReference; lastKnownFileType = sourcecode.swift; path = ErrorRouter.swift; sourceTree = "<group>"; };
		A89CDDB526D0679000AAE052 /* RxTemp.app */ = {isa = PBXFileReference; explicitFileType = wrapper.application; includeInIndex = 0; path = RxTemp.app; sourceTree = BUILT_PRODUCTS_DIR; };
		A89CDDB826D0679000AAE052 /* AppDelegate.swift */ = {isa = PBXFileReference; lastKnownFileType = sourcecode.swift; path = AppDelegate.swift; sourceTree = "<group>"; };
		A89CDDBA26D0679000AAE052 /* SceneDelegate.swift */ = {isa = PBXFileReference; lastKnownFileType = sourcecode.swift; path = SceneDelegate.swift; sourceTree = "<group>"; };
		A89CDDBC26D0679000AAE052 /* ViewController.swift */ = {isa = PBXFileReference; lastKnownFileType = sourcecode.swift; path = ViewController.swift; sourceTree = "<group>"; };
		A89CDDBF26D0679000AAE052 /* Base */ = {isa = PBXFileReference; lastKnownFileType = file.storyboard; name = Base; path = Base.lproj/Main.storyboard; sourceTree = "<group>"; };
		A89CDDC126D0679300AAE052 /* Assets.xcassets */ = {isa = PBXFileReference; lastKnownFileType = folder.assetcatalog; path = Assets.xcassets; sourceTree = "<group>"; };
		A89CDDC426D0679300AAE052 /* Base */ = {isa = PBXFileReference; lastKnownFileType = file.storyboard; name = Base; path = Base.lproj/LaunchScreen.storyboard; sourceTree = "<group>"; };
		A89CDDC626D0679300AAE052 /* Info.plist */ = {isa = PBXFileReference; lastKnownFileType = text.plist.xml; path = Info.plist; sourceTree = "<group>"; };
		A89CDDD826D069B100AAE052 /* RxBasedAPI.swift */ = {isa = PBXFileReference; lastKnownFileType = sourcecode.swift; path = RxBasedAPI.swift; sourceTree = "<group>"; };
		A89CDDDB26D069CE00AAE052 /* Models.swift */ = {isa = PBXFileReference; lastKnownFileType = sourcecode.swift; path = Models.swift; sourceTree = "<group>"; };
		C21CBFB81C827F3A902DFC04 /* Pods-RxTempTests.debug.xcconfig */ = {isa = PBXFileReference; includeInIndex = 1; lastKnownFileType = text.xcconfig; name = "Pods-RxTempTests.debug.xcconfig"; path = "Target Support Files/Pods-RxTempTests/Pods-RxTempTests.debug.xcconfig"; sourceTree = "<group>"; };
		C5B5AD9AC5486DE186D5FC69 /* Pods-RxTemp.release.xcconfig */ = {isa = PBXFileReference; includeInIndex = 1; lastKnownFileType = text.xcconfig; name = "Pods-RxTemp.release.xcconfig"; path = "Target Support Files/Pods-RxTemp/Pods-RxTemp.release.xcconfig"; sourceTree = "<group>"; };
		D37C783027A932F280BCA983 /* Pods-RxTempTests.release.xcconfig */ = {isa = PBXFileReference; includeInIndex = 1; lastKnownFileType = text.xcconfig; name = "Pods-RxTempTests.release.xcconfig"; path = "Target Support Files/Pods-RxTempTests/Pods-RxTempTests.release.xcconfig"; sourceTree = "<group>"; };
/* End PBXFileReference section */

/* Begin PBXFrameworksBuildPhase section */
		A843DDF026D308B4000D733A /* Frameworks */ = {
			isa = PBXFrameworksBuildPhase;
			buildActionMask = 2147483647;
			files = (
				8CECE37D8E88EEDFA089B585 /* Pods_RxTempTests.framework in Frameworks */,
			);
			runOnlyForDeploymentPostprocessing = 0;
		};
		A89CDDB226D0679000AAE052 /* Frameworks */ = {
			isa = PBXFrameworksBuildPhase;
			buildActionMask = 2147483647;
			files = (
				0D38BF8EC7347E09807630E9 /* Pods_RxTemp.framework in Frameworks */,
			);
			runOnlyForDeploymentPostprocessing = 0;
		};
/* End PBXFrameworksBuildPhase section */

/* Begin PBXGroup section */
		2324FABE522688B3BC1020BC /* Pods */ = {
			isa = PBXGroup;
			children = (
				82DCBCB2FC7227B70B6C6E3A /* Pods-RxTemp.debug.xcconfig */,
				C5B5AD9AC5486DE186D5FC69 /* Pods-RxTemp.release.xcconfig */,
				C21CBFB81C827F3A902DFC04 /* Pods-RxTempTests.debug.xcconfig */,
				D37C783027A932F280BCA983 /* Pods-RxTempTests.release.xcconfig */,
			);
			path = Pods;
			sourceTree = "<group>";
		};
		A843DDE926D3046D000D733A /* API */ = {
			isa = PBXGroup;
			children = (
				A89CDDD826D069B100AAE052 /* RxBasedAPI.swift */,
				A843DDEA26D3048E000D733A /* PMKBasedAPI.swift */,
			);
			path = API;
			sourceTree = "<group>";
		};
		A843DDEC26D30617000D733A /* ViewModel */ = {
			isa = PBXGroup;
			children = (
				A843DDED26D30630000D733A /* UserViewModel.swift */,
			);
			path = ViewModel;
			sourceTree = "<group>";
		};
		A843DDF426D308B4000D733A /* RxTempTests */ = {
			isa = PBXGroup;
			children = (
				A843DDF526D308B4000D733A /* RxTempTests.swift */,
				A843DDF726D308B4000D733A /* Info.plist */,
				A843DDFD26D400B9000D733A /* UserViewModelTests.swift */,
			);
			path = RxTempTests;
			sourceTree = "<group>";
		};
		A89CDDAC26D0679000AAE052 = {
			isa = PBXGroup;
			children = (
				A89CDDB726D0679000AAE052 /* RxTemp */,
				A843DDF426D308B4000D733A /* RxTempTests */,
				A89CDDB626D0679000AAE052 /* Products */,
				2324FABE522688B3BC1020BC /* Pods */,
				F5189A4223A9A1A460830D2B /* Frameworks */,
			);
			sourceTree = "<group>";
		};
		A89CDDB626D0679000AAE052 /* Products */ = {
			isa = PBXGroup;
			children = (
				A89CDDB526D0679000AAE052 /* RxTemp.app */,
				A843DDF326D308B4000D733A /* RxTempTests.xctest */,
			);
			name = Products;
			sourceTree = "<group>";
		};
		A89CDDB726D0679000AAE052 /* RxTemp */ = {
			isa = PBXGroup;
			children = (
				A89CDDB826D0679000AAE052 /* AppDelegate.swift */,
				A89CDDBA26D0679000AAE052 /* SceneDelegate.swift */,
				A89CDDBC26D0679000AAE052 /* ViewController.swift */,
				A89CDDBE26D0679000AAE052 /* Main.storyboard */,
				A843DDFF26D40F2E000D733A /* ErrorRouter.swift */,
				A89CDDC126D0679300AAE052 /* Assets.xcassets */,
				A89CDDC326D0679300AAE052 /* LaunchScreen.storyboard */,
				A843DDE926D3046D000D733A /* API */,
				A89CDDDA26D069C500AAE052 /* Models */,
				A843DDEC26D30617000D733A /* ViewModel */,
				A89CDDC626D0679300AAE052 /* Info.plist */,
			);
			path = RxTemp;
			sourceTree = "<group>";
		};
		A89CDDDA26D069C500AAE052 /* Models */ = {
			isa = PBXGroup;
			children = (
				A89CDDDB26D069CE00AAE052 /* Models.swift */,
			);
			path = Models;
			sourceTree = "<group>";
		};
		F5189A4223A9A1A460830D2B /* Frameworks */ = {
			isa = PBXGroup;
			children = (
				1A4A2170D0FFF150B6851654 /* Pods_RxTemp.framework */,
				27B8A10D7BB7B481E4D18FD3 /* Pods_RxTempTests.framework */,
			);
			name = Frameworks;
			sourceTree = "<group>";
		};
/* End PBXGroup section */

/* Begin PBXNativeTarget section */
		A843DDF226D308B4000D733A /* RxTempTests */ = {
			isa = PBXNativeTarget;
			buildConfigurationList = A843DDFA26D308B4000D733A /* Build configuration list for PBXNativeTarget "RxTempTests" */;
			buildPhases = (
				9C38CF0497102995DAEE1987 /* [CP] Check Pods Manifest.lock */,
				A843DDEF26D308B4000D733A /* Sources */,
				A843DDF026D308B4000D733A /* Frameworks */,
				A843DDF126D308B4000D733A /* Resources */,
				3EA30357D29B219016A49D7E /* [CP] Embed Pods Frameworks */,
			);
			buildRules = (
			);
			dependencies = (
				A843DDF926D308B4000D733A /* PBXTargetDependency */,
			);
			name = RxTempTests;
			productName = RxTempTests;
			productReference = A843DDF326D308B4000D733A /* RxTempTests.xctest */;
			productType = "com.apple.product-type.bundle.unit-test";
		};
		A89CDDB426D0679000AAE052 /* RxTemp */ = {
			isa = PBXNativeTarget;
			buildConfigurationList = A89CDDC926D0679300AAE052 /* Build configuration list for PBXNativeTarget "RxTemp" */;
			buildPhases = (
				0C624019CF5755D38C076B6E /* [CP] Check Pods Manifest.lock */,
				A89CDDB126D0679000AAE052 /* Sources */,
				A89CDDB226D0679000AAE052 /* Frameworks */,
				A89CDDB326D0679000AAE052 /* Resources */,
				B09A1EB87E83B3E13D7DF9C1 /* [CP] Embed Pods Frameworks */,
			);
			buildRules = (
			);
			dependencies = (
			);
			name = RxTemp;
			productName = RxTemp;
			productReference = A89CDDB526D0679000AAE052 /* RxTemp.app */;
			productType = "com.apple.product-type.application";
		};
/* End PBXNativeTarget section */

/* Begin PBXProject section */
		A89CDDAD26D0679000AAE052 /* Project object */ = {
			isa = PBXProject;
			attributes = {
				LastSwiftUpdateCheck = 1250;
				LastUpgradeCheck = 1250;
				TargetAttributes = {
					A843DDF226D308B4000D733A = {
						CreatedOnToolsVersion = 12.5.1;
						TestTargetID = A89CDDB426D0679000AAE052;
					};
					A89CDDB426D0679000AAE052 = {
						CreatedOnToolsVersion = 12.5.1;
					};
				};
			};
			buildConfigurationList = A89CDDB026D0679000AAE052 /* Build configuration list for PBXProject "RxTemp" */;
			compatibilityVersion = "Xcode 9.3";
			developmentRegion = en;
			hasScannedForEncodings = 0;
			knownRegions = (
				en,
				Base,
			);
			mainGroup = A89CDDAC26D0679000AAE052;
			productRefGroup = A89CDDB626D0679000AAE052 /* Products */;
			projectDirPath = "";
			projectRoot = "";
			targets = (
				A89CDDB426D0679000AAE052 /* RxTemp */,
				A843DDF226D308B4000D733A /* RxTempTests */,
			);
		};
/* End PBXProject section */

/* Begin PBXResourcesBuildPhase section */
		A843DDF126D308B4000D733A /* Resources */ = {
			isa = PBXResourcesBuildPhase;
			buildActionMask = 2147483647;
			files = (
			);
			runOnlyForDeploymentPostprocessing = 0;
		};
		A89CDDB326D0679000AAE052 /* Resources */ = {
			isa = PBXResourcesBuildPhase;
			buildActionMask = 2147483647;
			files = (
				A89CDDC526D0679300AAE052 /* LaunchScreen.storyboard in Resources */,
				A89CDDC226D0679300AAE052 /* Assets.xcassets in Resources */,
				A89CDDC026D0679000AAE052 /* Main.storyboard in Resources */,
			);
			runOnlyForDeploymentPostprocessing = 0;
		};
/* End PBXResourcesBuildPhase section */

/* Begin PBXShellScriptBuildPhase section */
		0C624019CF5755D38C076B6E /* [CP] Check Pods Manifest.lock */ = {
			isa = PBXShellScriptBuildPhase;
			buildActionMask = 2147483647;
			files = (
			);
			inputFileListPaths = (
			);
			inputPaths = (
				"${PODS_PODFILE_DIR_PATH}/Podfile.lock",
				"${PODS_ROOT}/Manifest.lock",
			);
			name = "[CP] Check Pods Manifest.lock";
			outputFileListPaths = (
			);
			outputPaths = (
				"$(DERIVED_FILE_DIR)/Pods-RxTemp-checkManifestLockResult.txt",
			);
			runOnlyForDeploymentPostprocessing = 0;
			shellPath = /bin/sh;
			shellScript = "diff \"${PODS_PODFILE_DIR_PATH}/Podfile.lock\" \"${PODS_ROOT}/Manifest.lock\" > /dev/null\nif [ $? != 0 ] ; then\n    # print error to STDERR\n    echo \"error: The sandbox is not in sync with the Podfile.lock. Run 'pod install' or update your CocoaPods installation.\" >&2\n    exit 1\nfi\n# This output is used by Xcode 'outputs' to avoid re-running this script phase.\necho \"SUCCESS\" > \"${SCRIPT_OUTPUT_FILE_0}\"\n";
			showEnvVarsInLog = 0;
		};
		3EA30357D29B219016A49D7E /* [CP] Embed Pods Frameworks */ = {
			isa = PBXShellScriptBuildPhase;
			buildActionMask = 2147483647;
			files = (
			);
			inputFileListPaths = (
				"${PODS_ROOT}/Target Support Files/Pods-RxTempTests/Pods-RxTempTests-frameworks-${CONFIGURATION}-input-files.xcfilelist",
			);
			name = "[CP] Embed Pods Frameworks";
			outputFileListPaths = (
				"${PODS_ROOT}/Target Support Files/Pods-RxTempTests/Pods-RxTempTests-frameworks-${CONFIGURATION}-output-files.xcfilelist",
			);
			runOnlyForDeploymentPostprocessing = 0;
			shellPath = /bin/sh;
			shellScript = "\"${PODS_ROOT}/Target Support Files/Pods-RxTempTests/Pods-RxTempTests-frameworks.sh\"\n";
			showEnvVarsInLog = 0;
		};
		9C38CF0497102995DAEE1987 /* [CP] Check Pods Manifest.lock */ = {
			isa = PBXShellScriptBuildPhase;
			buildActionMask = 2147483647;
			files = (
			);
			inputFileListPaths = (
			);
			inputPaths = (
				"${PODS_PODFILE_DIR_PATH}/Podfile.lock",
				"${PODS_ROOT}/Manifest.lock",
			);
			name = "[CP] Check Pods Manifest.lock";
			outputFileListPaths = (
			);
			outputPaths = (
				"$(DERIVED_FILE_DIR)/Pods-RxTempTests-checkManifestLockResult.txt",
			);
			runOnlyForDeploymentPostprocessing = 0;
			shellPath = /bin/sh;
			shellScript = "diff \"${PODS_PODFILE_DIR_PATH}/Podfile.lock\" \"${PODS_ROOT}/Manifest.lock\" > /dev/null\nif [ $? != 0 ] ; then\n    # print error to STDERR\n    echo \"error: The sandbox is not in sync with the Podfile.lock. Run 'pod install' or update your CocoaPods installation.\" >&2\n    exit 1\nfi\n# This output is used by Xcode 'outputs' to avoid re-running this script phase.\necho \"SUCCESS\" > \"${SCRIPT_OUTPUT_FILE_0}\"\n";
			showEnvVarsInLog = 0;
		};
		B09A1EB87E83B3E13D7DF9C1 /* [CP] Embed Pods Frameworks */ = {
			isa = PBXShellScriptBuildPhase;
			buildActionMask = 2147483647;
			files = (
			);
			inputFileListPaths = (
				"${PODS_ROOT}/Target Support Files/Pods-RxTemp/Pods-RxTemp-frameworks-${CONFIGURATION}-input-files.xcfilelist",
			);
			name = "[CP] Embed Pods Frameworks";
			outputFileListPaths = (
				"${PODS_ROOT}/Target Support Files/Pods-RxTemp/Pods-RxTemp-frameworks-${CONFIGURATION}-output-files.xcfilelist",
			);
			runOnlyForDeploymentPostprocessing = 0;
			shellPath = /bin/sh;
			shellScript = "\"${PODS_ROOT}/Target Support Files/Pods-RxTemp/Pods-RxTemp-frameworks.sh\"\n";
			showEnvVarsInLog = 0;
		};
/* End PBXShellScriptBuildPhase section */

/* Begin PBXSourcesBuildPhase section */
		A843DDEF26D308B4000D733A /* Sources */ = {
			isa = PBXSourcesBuildPhase;
			buildActionMask = 2147483647;
			files = (
				A843DDF626D308B4000D733A /* RxTempTests.swift in Sources */,
				A843DDFE26D400B9000D733A /* UserViewModelTests.swift in Sources */,
			);
			runOnlyForDeploymentPostprocessing = 0;
		};
		A89CDDB126D0679000AAE052 /* Sources */ = {
			isa = PBXSourcesBuildPhase;
			buildActionMask = 2147483647;
			files = (
				A89CDDBD26D0679000AAE052 /* ViewController.swift in Sources */,
				A89CDDB926D0679000AAE052 /* AppDelegate.swift in Sources */,
				A89CDDD926D069B100AAE052 /* RxBasedAPI.swift in Sources */,
				A89CDDDC26D069CE00AAE052 /* Models.swift in Sources */,
				A89CDDBB26D0679000AAE052 /* SceneDelegate.swift in Sources */,
				A843DDEE26D30630000D733A /* UserViewModel.swift in Sources */,
				A843DDEB26D3048E000D733A /* PMKBasedAPI.swift in Sources */,
				A843DE0026D40F2E000D733A /* ErrorRouter.swift in Sources */,
			);
			runOnlyForDeploymentPostprocessing = 0;
		};
/* End PBXSourcesBuildPhase section */

/* Begin PBXTargetDependency section */
		A843DDF926D308B4000D733A /* PBXTargetDependency */ = {
			isa = PBXTargetDependency;
			target = A89CDDB426D0679000AAE052 /* RxTemp */;
			targetProxy = A843DDF826D308B4000D733A /* PBXContainerItemProxy */;
		};
/* End PBXTargetDependency section */

/* Begin PBXVariantGroup section */
		A89CDDBE26D0679000AAE052 /* Main.storyboard */ = {
			isa = PBXVariantGroup;
			children = (
				A89CDDBF26D0679000AAE052 /* Base */,
			);
			name = Main.storyboard;
			sourceTree = "<group>";
		};
		A89CDDC326D0679300AAE052 /* LaunchScreen.storyboard */ = {
			isa = PBXVariantGroup;
			children = (
				A89CDDC426D0679300AAE052 /* Base */,
			);
			name = LaunchScreen.storyboard;
			sourceTree = "<group>";
		};
/* End PBXVariantGroup section */

/* Begin XCBuildConfiguration section */
		A843DDFB26D308B4000D733A /* Debug */ = {
			isa = XCBuildConfiguration;
			baseConfigurationReference = C21CBFB81C827F3A902DFC04 /* Pods-RxTempTests.debug.xcconfig */;
			buildSettings = {
				BUNDLE_LOADER = "$(TEST_HOST)";
				CODE_SIGN_STYLE = Automatic;
				INFOPLIST_FILE = RxTempTests/Info.plist;
				LD_RUNPATH_SEARCH_PATHS = (
					"$(inherited)",
					"@executable_path/Frameworks",
					"@loader_path/Frameworks",
				);
				PRODUCT_BUNDLE_IDENTIFIER = com.chefnobody.RxTempTests;
				PRODUCT_NAME = "$(TARGET_NAME)";
				SWIFT_VERSION = 5.0;
				TARGETED_DEVICE_FAMILY = "1,2";
				TEST_HOST = "$(BUILT_PRODUCTS_DIR)/RxTemp.app/RxTemp";
			};
			name = Debug;
		};
		A843DDFC26D308B4000D733A /* Release */ = {
			isa = XCBuildConfiguration;
			baseConfigurationReference = D37C783027A932F280BCA983 /* Pods-RxTempTests.release.xcconfig */;
			buildSettings = {
				BUNDLE_LOADER = "$(TEST_HOST)";
				CODE_SIGN_STYLE = Automatic;
				INFOPLIST_FILE = RxTempTests/Info.plist;
				LD_RUNPATH_SEARCH_PATHS = (
					"$(inherited)",
					"@executable_path/Frameworks",
					"@loader_path/Frameworks",
				);
				PRODUCT_BUNDLE_IDENTIFIER = com.chefnobody.RxTempTests;
				PRODUCT_NAME = "$(TARGET_NAME)";
				SWIFT_VERSION = 5.0;
				TARGETED_DEVICE_FAMILY = "1,2";
				TEST_HOST = "$(BUILT_PRODUCTS_DIR)/RxTemp.app/RxTemp";
			};
			name = Release;
		};
		A89CDDC726D0679300AAE052 /* Debug */ = {
			isa = XCBuildConfiguration;
			buildSettings = {
				ALWAYS_SEARCH_USER_PATHS = NO;
				CLANG_ANALYZER_NONNULL = YES;
				CLANG_ANALYZER_NUMBER_OBJECT_CONVERSION = YES_AGGRESSIVE;
				CLANG_CXX_LANGUAGE_STANDARD = "gnu++14";
				CLANG_CXX_LIBRARY = "libc++";
				CLANG_ENABLE_MODULES = YES;
				CLANG_ENABLE_OBJC_ARC = YES;
				CLANG_ENABLE_OBJC_WEAK = YES;
				CLANG_WARN_BLOCK_CAPTURE_AUTORELEASING = YES;
				CLANG_WARN_BOOL_CONVERSION = YES;
				CLANG_WARN_COMMA = YES;
				CLANG_WARN_CONSTANT_CONVERSION = YES;
				CLANG_WARN_DEPRECATED_OBJC_IMPLEMENTATIONS = YES;
				CLANG_WARN_DIRECT_OBJC_ISA_USAGE = YES_ERROR;
				CLANG_WARN_DOCUMENTATION_COMMENTS = YES;
				CLANG_WARN_EMPTY_BODY = YES;
				CLANG_WARN_ENUM_CONVERSION = YES;
				CLANG_WARN_INFINITE_RECURSION = YES;
				CLANG_WARN_INT_CONVERSION = YES;
				CLANG_WARN_NON_LITERAL_NULL_CONVERSION = YES;
				CLANG_WARN_OBJC_IMPLICIT_RETAIN_SELF = YES;
				CLANG_WARN_OBJC_LITERAL_CONVERSION = YES;
				CLANG_WARN_OBJC_ROOT_CLASS = YES_ERROR;
				CLANG_WARN_QUOTED_INCLUDE_IN_FRAMEWORK_HEADER = YES;
				CLANG_WARN_RANGE_LOOP_ANALYSIS = YES;
				CLANG_WARN_STRICT_PROTOTYPES = YES;
				CLANG_WARN_SUSPICIOUS_MOVE = YES;
				CLANG_WARN_UNGUARDED_AVAILABILITY = YES_AGGRESSIVE;
				CLANG_WARN_UNREACHABLE_CODE = YES;
				CLANG_WARN__DUPLICATE_METHOD_MATCH = YES;
				COPY_PHASE_STRIP = NO;
				DEBUG_INFORMATION_FORMAT = dwarf;
				ENABLE_STRICT_OBJC_MSGSEND = YES;
				ENABLE_TESTABILITY = YES;
				GCC_C_LANGUAGE_STANDARD = gnu11;
				GCC_DYNAMIC_NO_PIC = NO;
				GCC_NO_COMMON_BLOCKS = YES;
				GCC_OPTIMIZATION_LEVEL = 0;
				GCC_PREPROCESSOR_DEFINITIONS = (
					"DEBUG=1",
					"$(inherited)",
				);
				GCC_WARN_64_TO_32_BIT_CONVERSION = YES;
				GCC_WARN_ABOUT_RETURN_TYPE = YES_ERROR;
				GCC_WARN_UNDECLARED_SELECTOR = YES;
				GCC_WARN_UNINITIALIZED_AUTOS = YES_AGGRESSIVE;
				GCC_WARN_UNUSED_FUNCTION = YES;
				GCC_WARN_UNUSED_VARIABLE = YES;
				IPHONEOS_DEPLOYMENT_TARGET = 14.5;
				MTL_ENABLE_DEBUG_INFO = INCLUDE_SOURCE;
				MTL_FAST_MATH = YES;
				ONLY_ACTIVE_ARCH = YES;
				SDKROOT = iphoneos;
				SWIFT_ACTIVE_COMPILATION_CONDITIONS = DEBUG;
				SWIFT_OPTIMIZATION_LEVEL = "-Onone";
			};
			name = Debug;
		};
		A89CDDC826D0679300AAE052 /* Release */ = {
			isa = XCBuildConfiguration;
			buildSettings = {
				ALWAYS_SEARCH_USER_PATHS = NO;
				CLANG_ANALYZER_NONNULL = YES;
				CLANG_ANALYZER_NUMBER_OBJECT_CONVERSION = YES_AGGRESSIVE;
				CLANG_CXX_LANGUAGE_STANDARD = "gnu++14";
				CLANG_CXX_LIBRARY = "libc++";
				CLANG_ENABLE_MODULES = YES;
				CLANG_ENABLE_OBJC_ARC = YES;
				CLANG_ENABLE_OBJC_WEAK = YES;
				CLANG_WARN_BLOCK_CAPTURE_AUTORELEASING = YES;
				CLANG_WARN_BOOL_CONVERSION = YES;
				CLANG_WARN_COMMA = YES;
				CLANG_WARN_CONSTANT_CONVERSION = YES;
				CLANG_WARN_DEPRECATED_OBJC_IMPLEMENTATIONS = YES;
				CLANG_WARN_DIRECT_OBJC_ISA_USAGE = YES_ERROR;
				CLANG_WARN_DOCUMENTATION_COMMENTS = YES;
				CLANG_WARN_EMPTY_BODY = YES;
				CLANG_WARN_ENUM_CONVERSION = YES;
				CLANG_WARN_INFINITE_RECURSION = YES;
				CLANG_WARN_INT_CONVERSION = YES;
				CLANG_WARN_NON_LITERAL_NULL_CONVERSION = YES;
				CLANG_WARN_OBJC_IMPLICIT_RETAIN_SELF = YES;
				CLANG_WARN_OBJC_LITERAL_CONVERSION = YES;
				CLANG_WARN_OBJC_ROOT_CLASS = YES_ERROR;
				CLANG_WARN_QUOTED_INCLUDE_IN_FRAMEWORK_HEADER = YES;
				CLANG_WARN_RANGE_LOOP_ANALYSIS = YES;
				CLANG_WARN_STRICT_PROTOTYPES = YES;
				CLANG_WARN_SUSPICIOUS_MOVE = YES;
				CLANG_WARN_UNGUARDED_AVAILABILITY = YES_AGGRESSIVE;
				CLANG_WARN_UNREACHABLE_CODE = YES;
				CLANG_WARN__DUPLICATE_METHOD_MATCH = YES;
				COPY_PHASE_STRIP = NO;
				DEBUG_INFORMATION_FORMAT = "dwarf-with-dsym";
				ENABLE_NS_ASSERTIONS = NO;
				ENABLE_STRICT_OBJC_MSGSEND = YES;
				GCC_C_LANGUAGE_STANDARD = gnu11;
				GCC_NO_COMMON_BLOCKS = YES;
				GCC_WARN_64_TO_32_BIT_CONVERSION = YES;
				GCC_WARN_ABOUT_RETURN_TYPE = YES_ERROR;
				GCC_WARN_UNDECLARED_SELECTOR = YES;
				GCC_WARN_UNINITIALIZED_AUTOS = YES_AGGRESSIVE;
				GCC_WARN_UNUSED_FUNCTION = YES;
				GCC_WARN_UNUSED_VARIABLE = YES;
				IPHONEOS_DEPLOYMENT_TARGET = 14.5;
				MTL_ENABLE_DEBUG_INFO = NO;
				MTL_FAST_MATH = YES;
				SDKROOT = iphoneos;
				SWIFT_COMPILATION_MODE = wholemodule;
				SWIFT_OPTIMIZATION_LEVEL = "-O";
				VALIDATE_PRODUCT = YES;
			};
			name = Release;
		};
		A89CDDCA26D0679300AAE052 /* Debug */ = {
			isa = XCBuildConfiguration;
			baseConfigurationReference = 82DCBCB2FC7227B70B6C6E3A /* Pods-RxTemp.debug.xcconfig */;
			buildSettings = {
				ASSETCATALOG_COMPILER_APPICON_NAME = AppIcon;
				ASSETCATALOG_COMPILER_GLOBAL_ACCENT_COLOR_NAME = AccentColor;
				CODE_SIGN_STYLE = Automatic;
				INFOPLIST_FILE = RxTemp/Info.plist;
				LD_RUNPATH_SEARCH_PATHS = (
					"$(inherited)",
					"@executable_path/Frameworks",
				);
				PRODUCT_BUNDLE_IDENTIFIER = com.chefnobody.RxTemp;
				PRODUCT_NAME = "$(TARGET_NAME)";
				SWIFT_VERSION = 5.0;
				TARGETED_DEVICE_FAMILY = "1,2";
			};
			name = Debug;
		};
		A89CDDCB26D0679300AAE052 /* Release */ = {
			isa = XCBuildConfiguration;
			baseConfigurationReference = C5B5AD9AC5486DE186D5FC69 /* Pods-RxTemp.release.xcconfig */;
			buildSettings = {
				ASSETCATALOG_COMPILER_APPICON_NAME = AppIcon;
				ASSETCATALOG_COMPILER_GLOBAL_ACCENT_COLOR_NAME = AccentColor;
				CODE_SIGN_STYLE = Automatic;
				INFOPLIST_FILE = RxTemp/Info.plist;
				LD_RUNPATH_SEARCH_PATHS = (
					"$(inherited)",
					"@executable_path/Frameworks",
				);
				PRODUCT_BUNDLE_IDENTIFIER = com.chefnobody.RxTemp;
				PRODUCT_NAME = "$(TARGET_NAME)";
				SWIFT_VERSION = 5.0;
				TARGETED_DEVICE_FAMILY = "1,2";
			};
			name = Release;
		};
/* End XCBuildConfiguration section */

/* Begin XCConfigurationList section */
		A843DDFA26D308B4000D733A /* Build configuration list for PBXNativeTarget "RxTempTests" */ = {
			isa = XCConfigurationList;
			buildConfigurations = (
				A843DDFB26D308B4000D733A /* Debug */,
				A843DDFC26D308B4000D733A /* Release */,
			);
			defaultConfigurationIsVisible = 0;
			defaultConfigurationName = Release;
		};
		A89CDDB026D0679000AAE052 /* Build configuration list for PBXProject "RxTemp" */ = {
			isa = XCConfigurationList;
			buildConfigurations = (
				A89CDDC726D0679300AAE052 /* Debug */,
				A89CDDC826D0679300AAE052 /* Release */,
			);
			defaultConfigurationIsVisible = 0;
			defaultConfigurationName = Release;
		};
		A89CDDC926D0679300AAE052 /* Build configuration list for PBXNativeTarget "RxTemp" */ = {
			isa = XCConfigurationList;
			buildConfigurations = (
				A89CDDCA26D0679300AAE052 /* Debug */,
				A89CDDCB26D0679300AAE052 /* Release */,
			);
			defaultConfigurationIsVisible = 0;
			defaultConfigurationName = Release;
		};
/* End XCConfigurationList section */
	};
	rootObject = A89CDDAD26D0679000AAE052 /* Project object */;
}
